
Microsoft Visual Studio Solution File, Format Version 12.00
# Visual Studio 15
VisualStudioVersion = 15.0.26430.6
MinimumVisualStudioVersion = 10.0.40219.1
Project("{9A19103F-16F7-4668-BE54-9A1E7A4F7556}") = "dotnet-retire", "dotnet-retire\dotnet-retire.csproj", "{8571DB94-0361-414B-AEF3-95B43A8049E3}"
EndProject
Project("{FAE04EC0-301F-11D3-BF4B-00C04F79EFBC}") = "Tests", "Tests\Tests.csproj", "{D8B60967-7764-41B7-BA96-3B70E77D953A}"
EndProject
Project("{2150E333-8FDC-42A3-9474-1A3956D46DE8}") = "SampleProjects", "SampleProjects", "{0FA6F455-D528-4C98-9635-271B4EB51ACC}"
EndProject
Project("{FAE04EC0-301F-11D3-BF4B-00C04F79EFBC}") = "VulnerableApp", "SampleProjects\VulnerableApp\VulnerableApp.csproj", "{C1560FEF-20F2-4A80-8882-377C12F7D7D7}"
EndProject
Project("{FAE04EC0-301F-11D3-BF4B-00C04F79EFBC}") = "RetireRuntimeMiddleware", "RetireRuntimeMiddleware\RetireRuntimeMiddleware.csproj", "{A03B4E67-2B1B-4321-A221-A3EFEE113541}"
EndProject
Project("{FAE04EC0-301F-11D3-BF4B-00C04F79EFBC}") = "VulnerableRunTimeWebApp", "SampleProjects\VulnerableRunTimeWebApp\VulnerableRunTimeWebApp.csproj", "{B71C0875-44CD-4511-B0CC-B91E11FB2094}"
EndProject
Project("{FAE04EC0-301F-11D3-BF4B-00C04F79EFBC}") = "DotNetCore.ReleaseMetadata.HttpClient", "DotNetCore.ReleaseMetadata.HttpClient\DotNetCore.ReleaseMetadata.HttpClient.csproj", "{160DA0A9-8CF4-469B-AEF6-DDD29D948CCB}"
EndProject
Global
	GlobalSection(SolutionConfigurationPlatforms) = preSolution
		Debug|Any CPU = Debug|Any CPU
		Release|Any CPU = Release|Any CPU
	EndGlobalSection
	GlobalSection(ProjectConfigurationPlatforms) = postSolution
		{8571DB94-0361-414B-AEF3-95B43A8049E3}.Debug|Any CPU.ActiveCfg = Debug|Any CPU
		{8571DB94-0361-414B-AEF3-95B43A8049E3}.Debug|Any CPU.Build.0 = Debug|Any CPU
		{8571DB94-0361-414B-AEF3-95B43A8049E3}.Release|Any CPU.ActiveCfg = Release|Any CPU
		{8571DB94-0361-414B-AEF3-95B43A8049E3}.Release|Any CPU.Build.0 = Release|Any CPU
		{D8B60967-7764-41B7-BA96-3B70E77D953A}.Debug|Any CPU.ActiveCfg = Debug|Any CPU
		{D8B60967-7764-41B7-BA96-3B70E77D953A}.Debug|Any CPU.Build.0 = Debug|Any CPU
		{D8B60967-7764-41B7-BA96-3B70E77D953A}.Release|Any CPU.ActiveCfg = Release|Any CPU
		{D8B60967-7764-41B7-BA96-3B70E77D953A}.Release|Any CPU.Build.0 = Release|Any CPU
		{C1560FEF-20F2-4A80-8882-377C12F7D7D7}.Debug|Any CPU.ActiveCfg = Debug|Any CPU
		{C1560FEF-20F2-4A80-8882-377C12F7D7D7}.Debug|Any CPU.Build.0 = Debug|Any CPU
		{C1560FEF-20F2-4A80-8882-377C12F7D7D7}.Release|Any CPU.ActiveCfg = Release|Any CPU
		{C1560FEF-20F2-4A80-8882-377C12F7D7D7}.Release|Any CPU.Build.0 = Release|Any CPU
		{A03B4E67-2B1B-4321-A221-A3EFEE113541}.Debug|Any CPU.ActiveCfg = Debug|Any CPU
		{A03B4E67-2B1B-4321-A221-A3EFEE113541}.Debug|Any CPU.Build.0 = Debug|Any CPU
		{A03B4E67-2B1B-4321-A221-A3EFEE113541}.Release|Any CPU.ActiveCfg = Release|Any CPU
		{A03B4E67-2B1B-4321-A221-A3EFEE113541}.Release|Any CPU.Build.0 = Release|Any CPU
		{B71C0875-44CD-4511-B0CC-B91E11FB2094}.Debug|Any CPU.ActiveCfg = Debug|Any CPU
		{B71C0875-44CD-4511-B0CC-B91E11FB2094}.Debug|Any CPU.Build.0 = Debug|Any CPU
		{B71C0875-44CD-4511-B0CC-B91E11FB2094}.Release|Any CPU.ActiveCfg = Release|Any CPU
		{B71C0875-44CD-4511-B0CC-B91E11FB2094}.Release|Any CPU.Build.0 = Release|Any CPU
		{160DA0A9-8CF4-469B-AEF6-DDD29D948CCB}.Debug|Any CPU.ActiveCfg = Debug|Any CPU
		{160DA0A9-8CF4-469B-AEF6-DDD29D948CCB}.Debug|Any CPU.Build.0 = Debug|Any CPU
		{160DA0A9-8CF4-469B-AEF6-DDD29D948CCB}.Release|Any CPU.ActiveCfg = Release|Any CPU
		{160DA0A9-8CF4-469B-AEF6-DDD29D948CCB}.Release|Any CPU.Build.0 = Release|Any CPU
	EndGlobalSection
	GlobalSection(SolutionProperties) = preSolution
		HideSolutionNode = FALSE
	EndGlobalSection
	GlobalSection(NestedProjects) = preSolution
		{C1560FEF-20F2-4A80-8882-377C12F7D7D7} = {0FA6F455-D528-4C98-9635-271B4EB51ACC}
		{B71C0875-44CD-4511-B0CC-B91E11FB2094} = {0FA6F455-D528-4C98-9635-271B4EB51ACC}
	EndGlobalSection
EndGlobal
